
Microsoft Visual Studio Solution File, Format Version 12.00
# Visual Studio Version 16
VisualStudioVersion = 16.0.29519.181
MinimumVisualStudioVersion = 10.0.40219.1
Project("{FAE04EC0-301F-11D3-BF4B-00C04F79EFBC}") = "WpfApp1", "WpfApp1\WpfApp1.csproj", "{C741C916-FBBC-4577-B7CA-92E1C3D1CA0F}"
EndProject
Global
	GlobalSection(SolutionConfigurationPlatforms) = preSolution
		Debug|Any CPU = Debug|Any CPU
		Release|Any CPU = Release|Any CPU
	EndGlobalSection
	GlobalSection(ProjectConfigurationPlatforms) = postSolution
		{C741C916-FBBC-4577-B7CA-92E1C3D1CA0F}.Debug|Any CPU.ActiveCfg = Debug|Any CPU
		{C741C916-FBBC-4577-B7CA-92E1C3D1CA0F}.Debug|Any CPU.Build.0 = Debug|Any CPU
		{C741C916-FBBC-4577-B7CA-92E1C3D1CA0F}.Release|Any CPU.ActiveCfg = Release|Any CPU
		{C741C916-FBBC-4577-B7CA-92E1C3D1CA0F}.Release|Any CPU.Build.0 = Release|Any CPU
	EndGlobalSection
	GlobalSection(SolutionProperties) = preSolution
		HideSolutionNode = FALSE
	EndGlobalSection
	GlobalSection(ExtensibilityGlobals) = postSolution
		SolutionGuid = {316F5D15-2630-4EF5-AB79-E7B7FFB54DAC}
	EndGlobalSection
EndGlobal
